
Microsoft Visual Studio Solution File, Format Version 12.00
# Visual Studio 15
VisualStudioVersion = 15.0.28307.572
MinimumVisualStudioVersion = 10.0.40219.1
Project("{FAE04EC0-301F-11D3-BF4B-00C04F79EFBC}") = "CrossChainContract", "CrossChainContract\CrossChainContract.csproj", "{69655EA5-7F62-4F3B-B72D-A49EEE6B9912}"
EndProject
Project("{FAE04EC0-301F-11D3-BF4B-00C04F79EFBC}") = "SyncHeaderContract", "SyncHeaderContract\SyncHeaderContract.csproj", "{86C4210F-54CC-49E9-8940-3AB4FDDF122C}"
EndProject
Global
	GlobalSection(SolutionConfigurationPlatforms) = preSolution
		Debug|Any CPU = Debug|Any CPU
		Release|Any CPU = Release|Any CPU
	EndGlobalSection
	GlobalSection(ProjectConfigurationPlatforms) = postSolution
		{69655EA5-7F62-4F3B-B72D-A49EEE6B9912}.Debug|Any CPU.ActiveCfg = Debug|Any CPU
		{69655EA5-7F62-4F3B-B72D-A49EEE6B9912}.Debug|Any CPU.Build.0 = Debug|Any CPU
		{69655EA5-7F62-4F3B-B72D-A49EEE6B9912}.Release|Any CPU.ActiveCfg = Release|Any CPU
		{69655EA5-7F62-4F3B-B72D-A49EEE6B9912}.Release|Any CPU.Build.0 = Release|Any CPU
		{86C4210F-54CC-49E9-8940-3AB4FDDF122C}.Debug|Any CPU.ActiveCfg = Debug|Any CPU
		{86C4210F-54CC-49E9-8940-3AB4FDDF122C}.Debug|Any CPU.Build.0 = Debug|Any CPU
		{86C4210F-54CC-49E9-8940-3AB4FDDF122C}.Release|Any CPU.ActiveCfg = Release|Any CPU
		{86C4210F-54CC-49E9-8940-3AB4FDDF122C}.Release|Any CPU.Build.0 = Release|Any CPU
	EndGlobalSection
	GlobalSection(SolutionProperties) = preSolution
		HideSolutionNode = FALSE
	EndGlobalSection
	GlobalSection(ExtensibilityGlobals) = postSolution
		SolutionGuid = {0FB26726-32A7-48DD-81FF-CD792F6CD7B4}
	EndGlobalSection
EndGlobal
